// !$*UTF8*$!
{
	archiveVersion = 1;
	classes = {
	};
	objectVersion = 77;
	objects = {

/* Begin PBXContainerItemProxy section */
		D385DD4A2FF7A17D00B5B481 /* PBXContainerItemProxy */ = {
			isa = PBXContainerItemProxy;
			containerPortal = D385DD342FF7A17C00B5B481 /* Project object */;
			proxyType = 1;
			remoteGlobalIDString = D385DD3B2FF7A17C00B5B481;
			remoteInfo = SpatialNav;
		};
		D385DD542FF7A17E00B5B481 /* PBXContainerItemProxy */ = {
			isa = PBXContainerItemProxy;
			containerPortal = D385DD342FF7A17C00B5B481 /* Project object */;
			proxyType = 1;
			remoteGlobalIDString = D385DD3B2FF7A17C00B5B481;
			remoteInfo = SpatialNav;
		};
/* End PBXContainerItemProxy section */

/* Begin PBXFileReference section */
		D385DD3C2FF7A17C00B5B481 /* SpatialNav.app */ = {isa = PBXFileReference; explicitFileType = wrapper.application; includeInIndex = 0; path = SpatialNav.app; sourceTree = BUILT_PRODUCTS_DIR; };
		D385DD492FF7A17D00B5B481 /* SpatialNavTests.xctest */ = {isa = PBXFileReference; explicitFileType = wrapper.cfbundle; includeInIndex = 0; path = SpatialNavTests.xctest; sourceTree = BUILT_PRODUCTS_DIR; };
		D385DD532FF7A17E00B5B481 /* SpatialNavUITests.xctest */ = {isa = PBXFileReference; explicitFileType = wrapper.cfbundle; includeInIndex = 0; path = SpatialNavUITests.xctest; sourceTree = BUILT_PRODUCTS_DIR; };
/* End PBXFileReference section */

/* Begin PBXFileSystemSynchronizedRootGroup section */
		D385DD3E2FF7A17C00B5B481 /* SpatialNav */ = {
			isa = PBXFileSystemSynchronizedRootGroup;
			path = SpatialNav;
			sourceTree = "<group>";
		};
		D385DD4C2FF7A17D00B5B481 /* SpatialNavTests */ = {
			isa = PBXFileSystemSynchronizedRootGroup;
			path = SpatialNavTests;
			sourceTree = "<group>";
		};
		D385DD562FF7A17E00B5B481 /* SpatialNavUITests */ = {
			isa = PBXFileSystemSynchronizedRootGroup;
			path = SpatialNavUITests;
			sourceTree = "<group>";
		};
/* End PBXFileSystemSynchronizedRootGroup section */

/* Begin PBXFrameworksBuildPhase section */
		D385DD392FF7A17C00B5B481 /* Frameworks */ = {
			isa = PBXFrameworksBuildPhase;
			buildActionMask = 2147483647;
			files = (
			);
			runOnlyForDeploymentPostprocessing = 0;
		};
		D385DD462FF7A17D00B5B481 /* Frameworks */ = {
			isa = PBXFrameworksBuildPhase;
			buildActionMask = 2147483647;
			files = (
			);
			runOnlyForDeploymentPostprocessing = 0;
		};
		D385DD502FF7A17E00B5B481 /* Frameworks */ = {
			isa = PBXFrameworksBuildPhase;
			buildActionMask = 2147483647;
			files = (
			);
			runOnlyForDeploymentPostprocessing = 0;
		};
/* End PBXFrameworksBuildPhase section */

/* Begin PBXGroup section */
		D385DD332FF7A17C00B5B481 = {
			isa = PBXGroup;
			children = (
				D385DD3E2FF7A17C00B5B481 /* SpatialNav */,
				D385DD4C2FF7A17D00B5B481 /* SpatialNavTests */,
				D385DD562FF7A17E00B5B481 /* SpatialNavUITests */,
				D385DD3D2FF7A17C00B5B481 /* Products */,
			);
			sourceTree = "<group>";
		};
		D385DD3D2FF7A17C00B5B481 /* Products */ = {
			isa = PBXGroup;
			children = (
				D385DD3C2FF7A17C00B5B481 /* SpatialNav.app */,
				D385DD492FF7A17D00B5B481 /* SpatialNavTests.xctest */,
				D385DD532FF7A17E00B5B481 /* SpatialNavUITests.xctest */,
			);
			name = Products;
			sourceTree = "<group>";
		};
/* End PBXGroup section */

/* Begin PBXNativeTarget section */
		D385DD3B2FF7A17C00B5B481 /* SpatialNav */ = {
			isa = PBXNativeTarget;
			buildConfigurationList = D385DD5D2FF7A17E00B5B481 /* Build configuration list for PBXNativeTarget "SpatialNav" */;
			buildPhases = (
				D385DD382FF7A17C00B5B481 /* Sources */,
				D385DD392FF7A17C00B5B481 /* Frameworks */,
				D385DD3A2FF7A17C00B5B481 /* Resources */,
			);
			buildRules = (
			);
			dependencies = (
			);
			fileSystemSynchronizedGroups = (
				D385DD3E2FF7A17C00B5B481 /* SpatialNav */,
			);
			name = SpatialNav;
			packageProductDependencies = (
			);
			productName = SpatialNav;
			productReference = D385DD3C2FF7A17C00B5B481 /* SpatialNav.app */;
			productType = "com.apple.product-type.application";
		};
		D385DD482FF7A17D00B5B481 /* SpatialNavTests */ = {
			isa = PBXNativeTarget;
			buildConfigurationList = D385DD602FF7A17E00B5B481 /* Build configuration list for PBXNativeTarget "SpatialNavTests" */;
			buildPhases = (
				D385DD452FF7A17D00B5B481 /* Sources */,
				D385DD462FF7A17D00B5B481 /* Frameworks */,
				D385DD472FF7A17D00B5B481 /* Resources */,
			);
			buildRules = (
			);
			dependencies = (
				D385DD4B2FF7A17D00B5B481 /* PBXTargetDependency */,
			);
			fileSystemSynchronizedGroups = (
				D385DD4C2FF7A17D00B5B481 /* SpatialNavTests */,
			);
			name = SpatialNavTests;
			packageProductDependencies = (
			);
			productName = SpatialNavTests;
			productReference = D385DD492FF7A17D00B5B481 /* SpatialNavTests.xctest */;
			productType = "com.apple.product-type.bundle.unit-test";
		};
		D385DD522FF7A17E00B5B481 /* SpatialNavUITests */ = {
			isa = PBXNativeTarget;
			buildConfigurationList = D385DD632FF7A17E00B5B481 /* Build configuration list for PBXNativeTarget "SpatialNavUITests" */;
			buildPhases = (
				D385DD4F2FF7A17E00B5B481 /* Sources */,
				D385DD502FF7A17E00B5B481 /* Frameworks */,
				D385DD512FF7A17E00B5B481 /* Resources */,
			);
			buildRules = (
			);
			dependencies = (
				D385DD552FF7A17E00B5B481 /* PBXTargetDependency */,
			);
			fileSystemSynchronizedGroups = (
				D385DD562FF7A17E00B5B481 /* SpatialNavUITests */,
			);
			name = SpatialNavUITests;
			packageProductDependencies = (
			);
			productName = SpatialNavUITests;
			productReference = D385DD532FF7A17E00B5B481 /* SpatialNavUITests.xctest */;
			productType = "com.apple.product-type.bundle.ui-testing";
		};
/* End PBXNativeTarget section */

/* Begin PBXProject section */
		D385DD342FF7A17C00B5B481 /* Project object */ = {
			isa = PBXProject;
			attributes = {
				BuildIndependentTargetsInParallel = 1;
				LastSwiftUpdateCheck = 2660;
				LastUpgradeCheck = 2660;
				TargetAttributes = {
					D385DD3B2FF7A17C00B5B481 = {
						CreatedOnToolsVersion = 26.6;
					};
					D385DD482FF7A17D00B5B481 = {
						CreatedOnToolsVersion = 26.6;
						TestTargetID = D385DD3B2FF7A17C00B5B481;
					};
					D385DD522FF7A17E00B5B481 = {
						CreatedOnToolsVersion = 26.6;
						TestTargetID = D385DD3B2FF7A17C00B5B481;
					};
				};
			};
			buildConfigurationList = D385DD372FF7A17C00B5B481 /* Build configuration list for PBXProject "SpatialNav" */;
			developmentRegion = en;
			hasScannedForEncodings = 0;
			knownRegions = (
				en,
				Base,
			);
			mainGroup = D385DD332FF7A17C00B5B481;
			minimizedProjectReferenceProxies = 1;
			preferredProjectObjectVersion = 77;
			productRefGroup = D385DD3D2FF7A17C00B5B481 /* Products */;
			projectDirPath = "";
			projectRoot = "";
			targets = (
				D385DD3B2FF7A17C00B5B481 /* SpatialNav */,
				D385DD482FF7A17D00B5B481 /* SpatialNavTests */,
				D385DD522FF7A17E00B5B481 /* SpatialNavUITests */,
			);
		};
/* End PBXProject section */

/* Begin PBXResourcesBuildPhase section */
		D385DD3A2FF7A17C00B5B481 /* Resources */ = {
			isa = PBXResourcesBuildPhase;
			buildActionMask = 2147483647;
			files = (
			);
			runOnlyForDeploymentPostprocessing = 0;
		};
		D385DD472FF7A17D00B5B481 /* Resources */ = {
			isa = PBXResourcesBuildPhase;
			buildActionMask = 2147483647;
			files = (
			);
			runOnlyForDeploymentPostprocessing = 0;
		};
		D385DD512FF7A17E00B5B481 /* Resources */ = {
			isa = PBXResourcesBuildPhase;
			buildActionMask = 2147483647;
			files = (
			);
			runOnlyForDeploymentPostprocessing = 0;
		};
/* End PBXResourcesBuildPhase section */

/* Begin PBXSourcesBuildPhase section */
		D385DD382FF7A17C00B5B481 /* Sources */ = {
			isa = PBXSourcesBuildPhase;
			buildActionMask = 2147483647;
			files = (
			);
			runOnlyForDeploymentPostprocessing = 0;
		};
		D385DD452FF7A17D00B5B481 /* Sources */ = {
			isa = PBXSourcesBuildPhase;
			buildActionMask = 2147483647;
			files = (
			);
			runOnlyForDeploymentPostprocessing = 0;
		};
		D385DD4F2FF7A17E00B5B481 /* Sources */ = {
			isa = PBXSourcesBuildPhase;
			buildActionMask = 2147483647;
			files = (
			);
			runOnlyForDeploymentPostprocessing = 0;
		};
/* End PBXSourcesBuildPhase section */

/* Begin PBXTargetDependency section */
		D385DD4B2FF7A17D00B5B481 /* PBXTargetDependency */ = {
			isa = PBXTargetDependency;
			target = D385DD3B2FF7A17C00B5B481 /* SpatialNav */;
			targetProxy = D385DD4A2FF7A17D00B5B481 /* PBXContainerItemProxy */;
		};
		D385DD552FF7A17E00B5B481 /* PBXTargetDependency */ = {
			isa = PBXTargetDependency;
			target = D385DD3B2FF7A17C00B5B481 /* SpatialNav */;
			targetProxy = D385DD542FF7A17E00B5B481 /* PBXContainerItemProxy */;
		};
/* End PBXTargetDependency section */

/* Begin XCBuildConfiguration section */
		D385DD5B2FF7A17E00B5B481 /* Debug */ = {
			isa = XCBuildConfiguration;
			buildSettings = {
				ALWAYS_SEARCH_USER_PATHS = NO;
				ASSETCATALOG_COMPILER_GENERATE_SWIFT_ASSET_SYMBOL_EXTENSIONS = YES;
				CLANG_ANALYZER_NONNULL = YES;
				CLANG_ANALYZER_NUMBER_OBJECT_CONVERSION = YES_AGGRESSIVE;
				CLANG_CXX_LANGUAGE_STANDARD = "gnu++20";
				CLANG_ENABLE_MODULES = YES;
				CLANG_ENABLE_OBJC_ARC = YES;
				CLANG_ENABLE_OBJC_WEAK = YES;
				CLANG_WARN_BLOCK_CAPTURE_AUTORELEASING = YES;
				CLANG_WARN_BOOL_CONVERSION = YES;
				CLANG_WARN_COMMA = YES;
				CLANG_WARN_CONSTANT_CONVERSION = YES;
				CLANG_WARN_DEPRECATED_OBJC_IMPLEMENTATIONS = YES;
				CLANG_WARN_DIRECT_OBJC_ISA_USAGE = YES_ERROR;
				CLANG_WARN_DOCUMENTATION_COMMENTS = YES;
				CLANG_WARN_EMPTY_BODY = YES;
				CLANG_WARN_ENUM_CONVERSION = YES;
				CLANG_WARN_INFINITE_RECURSION = YES;
				CLANG_WARN_INT_CONVERSION = YES;
				CLANG_WARN_NON_LITERAL_NULL_CONVERSION = YES;
				CLANG_WARN_OBJC_IMPLICIT_RETAIN_SELF = YES;
				CLANG_WARN_OBJC_LITERAL_CONVERSION = YES;
				CLANG_WARN_OBJC_ROOT_CLASS = YES_ERROR;
				CLANG_WARN_QUOTED_INCLUDE_IN_FRAMEWORK_HEADER = YES;
				CLANG_WARN_RANGE_LOOP_ANALYSIS = YES;
				CLANG_WARN_STRICT_PROTOTYPES = YES;
				CLANG_WARN_SUSPICIOUS_MOVE = YES;
				CLANG_WARN_UNGUARDED_AVAILABILITY = YES_AGGRESSIVE;
				CLANG_WARN_UNREACHABLE_CODE = YES;
				CLANG_WARN__DUPLICATE_METHOD_MATCH = YES;
				COPY_PHASE_STRIP = NO;
				DEBUG_INFORMATION_FORMAT = dwarf;
				DEVELOPMENT_TEAM = K8FKWBYV9S;
				ENABLE_STRICT_OBJC_MSGSEND = YES;
				ENABLE_TESTABILITY = YES;
				ENABLE_USER_SCRIPT_SANDBOXING = YES;
				GCC_C_LANGUAGE_STANDARD = gnu17;
				GCC_DYNAMIC_NO_PIC = NO;
				GCC_NO_COMMON_BLOCKS = YES;
				GCC_OPTIMIZATION_LEVEL = 0;
				GCC_PREPROCESSOR_DEFINITIONS = (
					"DEBUG=1",
					"$(inherited)",
				);
				GCC_WARN_64_TO_32_BIT_CONVERSION = YES;
				GCC_WARN_ABOUT_RETURN_TYPE = YES_ERROR;
				GCC_WARN_UNDECLARED_SELECTOR = YES;
				GCC_WARN_UNINITIALIZED_AUTOS = YES_AGGRESSIVE;
				GCC_WARN_UNUSED_FUNCTION = YES;
				GCC_WARN_UNUSED_VARIABLE = YES;
				IPHONEOS_DEPLOYMENT_TARGET = 26.5;
				LOCALIZATION_PREFERS_STRING_CATALOGS = YES;
				MTL_ENABLE_DEBUG_INFO = INCLUDE_SOURCE;
				MTL_FAST_MATH = YES;
				ONLY_ACTIVE_ARCH = YES;
				SDKROOT = iphoneos;
				SWIFT_ACTIVE_COMPILATION_CONDITIONS = "DEBUG $(inherited)";
				SWIFT_OPTIMIZATION_LEVEL = "-Onone";
			};
			name = Debug;
		};
		D385DD5C2FF7A17E00B5B481 /* Release */ = {
			isa = XCBuildConfiguration;
			buildSettings = {
				ALWAYS_SEARCH_USER_PATHS = NO;
				ASSETCATALOG_COMPILER_GENERATE_SWIFT_ASSET_SYMBOL_EXTENSIONS = YES;
				CLANG_ANALYZER_NONNULL = YES;
				CLANG_ANALYZER_NUMBER_OBJECT_CONVERSION = YES_AGGRESSIVE;
				CLANG_CXX_LANGUAGE_STANDARD = "gnu++20";
				CLANG_ENABLE_MODULES = YES;
				CLANG_ENABLE_OBJC_ARC = YES;
				CLANG_ENABLE_OBJC_WEAK = YES;
				CLANG_WARN_BLOCK_CAPTURE_AUTORELEASING = YES;
				CLANG_WARN_BOOL_CONVERSION = YES;
				CLANG_WARN_COMMA = YES;
				CLANG_WARN_CONSTANT_CONVERSION = YES;
				CLANG_WARN_DEPRECATED_OBJC_IMPLEMENTATIONS = YES;
				CLANG_WARN_DIRECT_OBJC_ISA_USAGE = YES_ERROR;
				CLANG_WARN_DOCUMENTATION_COMMENTS = YES;
				CLANG_WARN_EMPTY_BODY = YES;
				CLANG_WARN_ENUM_CONVERSION = YES;
				CLANG_WARN_INFINITE_RECURSION = YES;
				CLANG_WARN_INT_CONVERSION = YES;
				CLANG_WARN_NON_LITERAL_NULL_CONVERSION = YES;
				CLANG_WARN_OBJC_IMPLICIT_RETAIN_SELF = YES;
				CLANG_WARN_OBJC_LITERAL_CONVERSION = YES;
				CLANG_WARN_OBJC_ROOT_CLASS = YES_ERROR;
				CLANG_WARN_QUOTED_INCLUDE_IN_FRAMEWORK_HEADER = YES;
				CLANG_WARN_RANGE_LOOP_ANALYSIS = YES;
				CLANG_WARN_STRICT_PROTOTYPES = YES;
				CLANG_WARN_SUSPICIOUS_MOVE = YES;
				CLANG_WARN_UNGUARDED_AVAILABILITY = YES_AGGRESSIVE;
				CLANG_WARN_UNREACHABLE_CODE = YES;
				CLANG_WARN__DUPLICATE_METHOD_MATCH = YES;
				COPY_PHASE_STRIP = NO;
				DEBUG_INFORMATION_FORMAT = "dwarf-with-dsym";
				DEVELOPMENT_TEAM = K8FKWBYV9S;
				ENABLE_NS_ASSERTIONS = NO;
				ENABLE_STRICT_OBJC_MSGSEND = YES;
				ENABLE_USER_SCRIPT_SANDBOXING = YES;
				GCC_C_LANGUAGE_STANDARD = gnu17;
				GCC_NO_COMMON_BLOCKS = YES;
				GCC_WARN_64_TO_32_BIT_CONVERSION = YES;
				GCC_WARN_ABOUT_RETURN_TYPE = YES_ERROR;
				GCC_WARN_UNDECLARED_SELECTOR = YES;
				GCC_WARN_UNINITIALIZED_AUTOS = YES_AGGRESSIVE;
				GCC_WARN_UNUSED_FUNCTION = YES;
				GCC_WARN_UNUSED_VARIABLE = YES;
				IPHONEOS_DEPLOYMENT_TARGET = 26.5;
				LOCALIZATION_PREFERS_STRING_CATALOGS = YES;
				MTL_ENABLE_DEBUG_INFO = NO;
				MTL_FAST_MATH = YES;
				SDKROOT = iphoneos;
				SWIFT_COMPILATION_MODE = wholemodule;
				VALIDATE_PRODUCT = YES;
			};
			name = Release;
		};
		D385DD5E2FF7A17E00B5B481 /* Debug */ = {
			isa = XCBuildConfiguration;
			buildSettings = {
				ASSETCATALOG_COMPILER_APPICON_NAME = AppIcon;
				ASSETCATALOG_COMPILER_GLOBAL_ACCENT_COLOR_NAME = AccentColor;
				CODE_SIGN_STYLE = Automatic;
				CURRENT_PROJECT_VERSION = 1;
				DEVELOPMENT_TEAM = K8FKWBYV9S;
				ENABLE_PREVIEWS = YES;
				GENERATE_INFOPLIST_FILE = YES;
				INFOPLIST_KEY_UIApplicationSceneManifest_Generation = YES;
				INFOPLIST_KEY_UIApplicationSupportsIndirectInputEvents = YES;
				INFOPLIST_KEY_UILaunchScreen_Generation = YES;
				INFOPLIST_KEY_UISupportedInterfaceOrientations_iPad = "UIInterfaceOrientationPortrait UIInterfaceOrientationPortraitUpsideDown UIInterfaceOrientationLandscapeLeft UIInterfaceOrientationLandscapeRight";
				INFOPLIST_KEY_UISupportedInterfaceOrientations_iPhone = "UIInterfaceOrientationPortrait UIInterfaceOrientationLandscapeLeft UIInterfaceOrientationLandscapeRight";
				LD_RUNPATH_SEARCH_PATHS = (
					"$(inherited)",
					"@executable_path/Frameworks",
				);
				MARKETING_VERSION = 1.0;
				PRODUCT_BUNDLE_IDENTIFIER = com.thetpine.AR.SpatialNav;
				PRODUCT_NAME = "$(TARGET_NAME)";
				STRING_CATALOG_GENERATE_SYMBOLS = YES;
				SWIFT_APPROACHABLE_CONCURRENCY = YES;
				SWIFT_DEFAULT_ACTOR_ISOLATION = MainActor;
				SWIFT_EMIT_LOC_STRINGS = YES;
				SWIFT_UPCOMING_FEATURE_MEMBER_IMPORT_VISIBILITY = YES;
				SWIFT_VERSION = 5.0;
				TARGETED_DEVICE_FAMILY = "1,2";
			};
			name = Debug;
		};
		D385DD5F2FF7A17E00B5B481 /* Release */ = {
			isa = XCBuildConfiguration;
			buildSettings = {
				ASSETCATALOG_COMPILER_APPICON_NAME = AppIcon;
				ASSETCATALOG_COMPILER_GLOBAL_ACCENT_COLOR_NAME = AccentColor;
				CODE_SIGN_STYLE = Automatic;
				CURRENT_PROJECT_VERSION = 1;
				DEVELOPMENT_TEAM = K8FKWBYV9S;
				ENABLE_PREVIEWS = YES;
				GENERATE_INFOPLIST_FILE = YES;
				INFOPLIST_KEY_UIApplicationSceneManifest_Generation = YES;
				INFOPLIST_KEY_UIApplicationSupportsIndirectInputEvents = YES;
				INFOPLIST_KEY_UILaunchScreen_Generation = YES;
				INFOPLIST_KEY_UISupportedInterfaceOrientations_iPad = "UIInterfaceOrientationPortrait UIInterfaceOrientationPortraitUpsideDown UIInterfaceOrientationLandscapeLeft UIInterfaceOrientationLandscapeRight";
				INFOPLIST_KEY_UISupportedInterfaceOrientations_iPhone = "UIInterfaceOrientationPortrait UIInterfaceOrientationLandscapeLeft UIInterfaceOrientationLandscapeRight";
				LD_RUNPATH_SEARCH_PATHS = (
					"$(inherited)",
					"@executable_path/Frameworks",
				);
				MARKETING_VERSION = 1.0;
				PRODUCT_BUNDLE_IDENTIFIER = com.thetpine.AR.SpatialNav;
				PRODUCT_NAME = "$(TARGET_NAME)";
				STRING_CATALOG_GENERATE_SYMBOLS = YES;
				SWIFT_APPROACHABLE_CONCURRENCY = YES;
				SWIFT_DEFAULT_ACTOR_ISOLATION = MainActor;
				SWIFT_EMIT_LOC_STRINGS = YES;
				SWIFT_UPCOMING_FEATURE_MEMBER_IMPORT_VISIBILITY = YES;
				SWIFT_VERSION = 5.0;
				TARGETED_DEVICE_FAMILY = "1,2";
			};
			name = Release;
		};
		D385DD612FF7A17E00B5B481 /* Debug */ = {
			isa = XCBuildConfiguration;
			buildSettings = {
				BUNDLE_LOADER = "$(TEST_HOST)";
				CODE_SIGN_STYLE = Automatic;
				CURRENT_PROJECT_VERSION = 1;
				DEVELOPMENT_TEAM = K8FKWBYV9S;
				GENERATE_INFOPLIST_FILE = YES;
				IPHONEOS_DEPLOYMENT_TARGET = 26.5;
				MARKETING_VERSION = 1.0;
				PRODUCT_BUNDLE_IDENTIFIER = com.thetpine.AR.SpatialNavTests;
				PRODUCT_NAME = "$(TARGET_NAME)";
				STRING_CATALOG_GENERATE_SYMBOLS = NO;
				SWIFT_APPROACHABLE_CONCURRENCY = YES;
				SWIFT_EMIT_LOC_STRINGS = NO;
				SWIFT_UPCOMING_FEATURE_MEMBER_IMPORT_VISIBILITY = YES;
				SWIFT_VERSION = 5.0;
				TARGETED_DEVICE_FAMILY = "1,2";
				TEST_HOST = "$(BUILT_PRODUCTS_DIR)/SpatialNav.app/$(BUNDLE_EXECUTABLE_FOLDER_PATH)/SpatialNav";
			};
			name = Debug;
		};
		D385DD622FF7A17E00B5B481 /* Release */ = {
			isa = XCBuildConfiguration;
			buildSettings = {
				BUNDLE_LOADER = "$(TEST_HOST)";
				CODE_SIGN_STYLE = Automatic;
				CURRENT_PROJECT_VERSION = 1;
				DEVELOPMENT_TEAM = K8FKWBYV9S;
				GENERATE_INFOPLIST_FILE = YES;
				IPHONEOS_DEPLOYMENT_TARGET = 26.5;
				MARKETING_VERSION = 1.0;
				PRODUCT_BUNDLE_IDENTIFIER = com.thetpine.AR.SpatialNavTests;
				PRODUCT_NAME = "$(TARGET_NAME)";
				STRING_CATALOG_GENERATE_SYMBOLS = NO;
				SWIFT_APPROACHABLE_CONCURRENCY = YES;
				SWIFT_EMIT_LOC_STRINGS = NO;
				SWIFT_UPCOMING_FEATURE_MEMBER_IMPORT_VISIBILITY = YES;
				SWIFT_VERSION = 5.0;
				TARGETED_DEVICE_FAMILY = "1,2";
				TEST_HOST = "$(BUILT_PRODUCTS_DIR)/SpatialNav.app/$(BUNDLE_EXECUTABLE_FOLDER_PATH)/SpatialNav";
			};
			name = Release;
		};
		D385DD642FF7A17E00B5B481 /* Debug */ = {
			isa = XCBuildConfiguration;
			buildSettings = {
				CODE_SIGN_STYLE = Automatic;
				CURRENT_PROJECT_VERSION = 1;
				DEVELOPMENT_TEAM = K8FKWBYV9S;
				GENERATE_INFOPLIST_FILE = YES;
				MARKETING_VERSION = 1.0;
				PRODUCT_BUNDLE_IDENTIFIER = com.thetpine.AR.SpatialNavUITests;
				PRODUCT_NAME = "$(TARGET_NAME)";
				STRING_CATALOG_GENERATE_SYMBOLS = NO;
				SWIFT_APPROACHABLE_CONCURRENCY = YES;
				SWIFT_EMIT_LOC_STRINGS = NO;
				SWIFT_UPCOMING_FEATURE_MEMBER_IMPORT_VISIBILITY = YES;
				SWIFT_VERSION = 5.0;
				TARGETED_DEVICE_FAMILY = "1,2";
				TEST_TARGET_NAME = SpatialNav;
			};
			name = Debug;
		};
		D385DD652FF7A17E00B5B481 /* Release */ = {
			isa = XCBuildConfiguration;
			buildSettings = {
				CODE_SIGN_STYLE = Automatic;
				CURRENT_PROJECT_VERSION = 1;
				DEVELOPMENT_TEAM = K8FKWBYV9S;
				GENERATE_INFOPLIST_FILE = YES;
				MARKETING_VERSION = 1.0;
				PRODUCT_BUNDLE_IDENTIFIER = com.thetpine.AR.SpatialNavUITests;
				PRODUCT_NAME = "$(TARGET_NAME)";
				STRING_CATALOG_GENERATE_SYMBOLS = NO;
				SWIFT_APPROACHABLE_CONCURRENCY = YES;
				SWIFT_EMIT_LOC_STRINGS = NO;
				SWIFT_UPCOMING_FEATURE_MEMBER_IMPORT_VISIBILITY = YES;
				SWIFT_VERSION = 5.0;
				TARGETED_DEVICE_FAMILY = "1,2";
				TEST_TARGET_NAME = SpatialNav;
			};
			name = Release;
		};
/* End XCBuildConfiguration section */

/* Begin XCConfigurationList section */
		D385DD372FF7A17C00B5B481 /* Build configuration list for PBXProject "SpatialNav" */ = {
			isa = XCConfigurationList;
			buildConfigurations = (
				D385DD5B2FF7A17E00B5B481 /* Debug */,
				D385DD5C2FF7A17E00B5B481 /* Release */,
			);
			defaultConfigurationIsVisible = 0;
			defaultConfigurationName = Release;
		};
		D385DD5D2FF7A17E00B5B481 /* Build configuration list for PBXNativeTarget "SpatialNav" */ = {
			isa = XCConfigurationList;
			buildConfigurations = (
				D385DD5E2FF7A17E00B5B481 /* Debug */,
				D385DD5F2FF7A17E00B5B481 /* Release */,
			);
			defaultConfigurationIsVisible = 0;
			defaultConfigurationName = Release;
		};
		D385DD602FF7A17E00B5B481 /* Build configuration list for PBXNativeTarget "SpatialNavTests" */ = {
			isa = XCConfigurationList;
			buildConfigurations = (
				D385DD612FF7A17E00B5B481 /* Debug */,
				D385DD622FF7A17E00B5B481 /* Release */,
			);
			defaultConfigurationIsVisible = 0;
			defaultConfigurationName = Release;
		};
		D385DD632FF7A17E00B5B481 /* Build configuration list for PBXNativeTarget "SpatialNavUITests" */ = {
			isa = XCConfigurationList;
			buildConfigurations = (
				D385DD642FF7A17E00B5B481 /* Debug */,
				D385DD652FF7A17E00B5B481 /* Release */,
			);
			defaultConfigurationIsVisible = 0;
			defaultConfigurationName = Release;
		};
/* End XCConfigurationList section */
	};
	rootObject = D385DD342FF7A17C00B5B481 /* Project object */;
}
